// !$*UTF8*$!
{
	archiveVersion = 1;
	classes = {
	};
	objectVersion = 52;
	objects = {

/* Begin PBXBuildFile section */
		D3432B9725E3F1B700CFC7D2 /* Manga_CollectionApp.swift in Sources */ = {isa = PBXBuildFile; fileRef = D3432B9625E3F1B700CFC7D2 /* Manga_CollectionApp.swift */; };
		D3432B9925E3F1B700CFC7D2 /* ContentView.swift in Sources */ = {isa = PBXBuildFile; fileRef = D3432B9825E3F1B700CFC7D2 /* ContentView.swift */; };
		D3432B9B25E3F1BE00CFC7D2 /* Assets.xcassets in Resources */ = {isa = PBXBuildFile; fileRef = D3432B9A25E3F1BE00CFC7D2 /* Assets.xcassets */; };
		D3432B9E25E3F1BE00CFC7D2 /* Preview Assets.xcassets in Resources */ = {isa = PBXBuildFile; fileRef = D3432B9D25E3F1BE00CFC7D2 /* Preview Assets.xcassets */; };
		D3432BAD25E447D600CFC7D2 /* URLImage in Frameworks */ = {isa = PBXBuildFile; productRef = D3432BAC25E447D600CFC7D2 /* URLImage */; };
		D3432BB025E4480800CFC7D2 /* MangaModel.swift in Sources */ = {isa = PBXBuildFile; fileRef = D3432BAF25E4480800CFC7D2 /* MangaModel.swift */; };
		D3432BB425E44C5900CFC7D2 /* Constant.swift in Sources */ = {isa = PBXBuildFile; fileRef = D3432BB325E44C5900CFC7D2 /* Constant.swift */; };
		D3432BBA25E44E9400CFC7D2 /* NetworkManager.swift in Sources */ = {isa = PBXBuildFile; fileRef = D3432BB925E44E9400CFC7D2 /* NetworkManager.swift */; };
		D3432BC325E4503D00CFC7D2 /* HeaderView.swift in Sources */ = {isa = PBXBuildFile; fileRef = D3432BC225E4503D00CFC7D2 /* HeaderView.swift */; };
		D3432BC625E450DF00CFC7D2 /* SectionView.swift in Sources */ = {isa = PBXBuildFile; fileRef = D3432BC525E450DF00CFC7D2 /* SectionView.swift */; };
		D3432BC925E4772B00CFC7D2 /* MangaRowGridView.swift in Sources */ = {isa = PBXBuildFile; fileRef = D3432BC825E4772B00CFC7D2 /* MangaRowGridView.swift */; };
		D3432BCD25E487F200CFC7D2 /* MangaRowListView.swift in Sources */ = {isa = PBXBuildFile; fileRef = D3432BCC25E487F200CFC7D2 /* MangaRowListView.swift */; };
		D37D6E6925E7C6E40087D6DC /* HeaderDetailView.swift in Sources */ = {isa = PBXBuildFile; fileRef = D37D6E6825E7C6E40087D6DC /* HeaderDetailView.swift */; };
		D37D6E6D25E7CE0F0087D6DC /* TopDetailView.swift in Sources */ = {isa = PBXBuildFile; fileRef = D37D6E6C25E7CE0F0087D6DC /* TopDetailView.swift */; };
		D37D6E7425E7DC0C0087D6DC /* PhotoView.swift in Sources */ = {isa = PBXBuildFile; fileRef = D37D6E7325E7DC0C0087D6DC /* PhotoView.swift */; };
		D37D6E7725E7DD8B0087D6DC /* TopAboutView.swift in Sources */ = {isa = PBXBuildFile; fileRef = D37D6E7625E7DD8B0087D6DC /* TopAboutView.swift */; };
		D37D6E7E25E7DDBA0087D6DC /* AboutView.swift in Sources */ = {isa = PBXBuildFile; fileRef = D37D6E7D25E7DDBA0087D6DC /* AboutView.swift */; };
		D37D6E8225E7E2D90087D6DC /* AboutRowView.swift in Sources */ = {isa = PBXBuildFile; fileRef = D37D6E8125E7E2D90087D6DC /* AboutRowView.swift */; };
		D37D6E8525E7E63F0087D6DC /* HeaderAboutView.swift in Sources */ = {isa = PBXBuildFile; fileRef = D37D6E8425E7E63F0087D6DC /* HeaderAboutView.swift */; };
		D3D1464D25E4DF8C009541C9 /* Manga.swift in Sources */ = {isa = PBXBuildFile; fileRef = D3D1464C25E4DF8C009541C9 /* Manga.swift */; };
		D3D1465025E4E08B009541C9 /* DetailMangaView.swift in Sources */ = {isa = PBXBuildFile; fileRef = D3D1464F25E4E08B009541C9 /* DetailMangaView.swift */; };
/* End PBXBuildFile section */

/* Begin PBXFileReference section */
		D3432B9325E3F1B700CFC7D2 /* Manga Collection.app */ = {isa = PBXFileReference; explicitFileType = wrapper.application; includeInIndex = 0; path = "Manga Collection.app"; sourceTree = BUILT_PRODUCTS_DIR; };
		D3432B9625E3F1B700CFC7D2 /* Manga_CollectionApp.swift */ = {isa = PBXFileReference; lastKnownFileType = sourcecode.swift; path = Manga_CollectionApp.swift; sourceTree = "<group>"; };
		D3432B9825E3F1B700CFC7D2 /* ContentView.swift */ = {isa = PBXFileReference; lastKnownFileType = sourcecode.swift; path = ContentView.swift; sourceTree = "<group>"; };
		D3432B9A25E3F1BE00CFC7D2 /* Assets.xcassets */ = {isa = PBXFileReference; lastKnownFileType = folder.assetcatalog; path = Assets.xcassets; sourceTree = "<group>"; };
		D3432B9D25E3F1BE00CFC7D2 /* Preview Assets.xcassets */ = {isa = PBXFileReference; lastKnownFileType = folder.assetcatalog; path = "Preview Assets.xcassets"; sourceTree = "<group>"; };
		D3432B9F25E3F1BE00CFC7D2 /* Info.plist */ = {isa = PBXFileReference; lastKnownFileType = text.plist.xml; path = Info.plist; sourceTree = "<group>"; };
		D3432BAF25E4480800CFC7D2 /* MangaModel.swift */ = {isa = PBXFileReference; lastKnownFileType = sourcecode.swift; path = MangaModel.swift; sourceTree = "<group>"; };
		D3432BB325E44C5900CFC7D2 /* Constant.swift */ = {isa = PBXFileReference; lastKnownFileType = sourcecode.swift; path = Constant.swift; sourceTree = "<group>"; };
		D3432BB925E44E9400CFC7D2 /* NetworkManager.swift */ = {isa = PBXFileReference; lastKnownFileType = sourcecode.swift; path = NetworkManager.swift; sourceTree = "<group>"; };
		D3432BC225E4503D00CFC7D2 /* HeaderView.swift */ = {isa = PBXFileReference; lastKnownFileType = sourcecode.swift; path = HeaderView.swift; sourceTree = "<group>"; };
		D3432BC525E450DF00CFC7D2 /* SectionView.swift */ = {isa = PBXFileReference; lastKnownFileType = sourcecode.swift; path = SectionView.swift; sourceTree = "<group>"; };
		D3432BC825E4772B00CFC7D2 /* MangaRowGridView.swift */ = {isa = PBXFileReference; lastKnownFileType = sourcecode.swift; path = MangaRowGridView.swift; sourceTree = "<group>"; };
		D3432BCC25E487F200CFC7D2 /* MangaRowListView.swift */ = {isa = PBXFileReference; lastKnownFileType = sourcecode.swift; path = MangaRowListView.swift; sourceTree = "<group>"; };
		D37D6E6825E7C6E40087D6DC /* HeaderDetailView.swift */ = {isa = PBXFileReference; lastKnownFileType = sourcecode.swift; path = HeaderDetailView.swift; sourceTree = "<group>"; };
		D37D6E6C25E7CE0F0087D6DC /* TopDetailView.swift */ = {isa = PBXFileReference; lastKnownFileType = sourcecode.swift; path = TopDetailView.swift; sourceTree = "<group>"; };
		D37D6E7325E7DC0C0087D6DC /* PhotoView.swift */ = {isa = PBXFileReference; lastKnownFileType = sourcecode.swift; path = PhotoView.swift; sourceTree = "<group>"; };
		D37D6E7625E7DD8B0087D6DC /* TopAboutView.swift */ = {isa = PBXFileReference; lastKnownFileType = sourcecode.swift; path = TopAboutView.swift; sourceTree = "<group>"; };
		D37D6E7D25E7DDBA0087D6DC /* AboutView.swift */ = {isa = PBXFileReference; lastKnownFileType = sourcecode.swift; path = AboutView.swift; sourceTree = "<group>"; };
		D37D6E8125E7E2D90087D6DC /* AboutRowView.swift */ = {isa = PBXFileReference; lastKnownFileType = sourcecode.swift; path = AboutRowView.swift; sourceTree = "<group>"; };
		D37D6E8425E7E63F0087D6DC /* HeaderAboutView.swift */ = {isa = PBXFileReference; lastKnownFileType = sourcecode.swift; path = HeaderAboutView.swift; sourceTree = "<group>"; };
		D3D1464C25E4DF8C009541C9 /* Manga.swift */ = {isa = PBXFileReference; lastKnownFileType = sourcecode.swift; path = Manga.swift; sourceTree = "<group>"; };
		D3D1464F25E4E08B009541C9 /* DetailMangaView.swift */ = {isa = PBXFileReference; lastKnownFileType = sourcecode.swift; path = DetailMangaView.swift; sourceTree = "<group>"; };
/* End PBXFileReference section */

/* Begin PBXFrameworksBuildPhase section */
		D3432B9025E3F1B700CFC7D2 /* Frameworks */ = {
			isa = PBXFrameworksBuildPhase;
			buildActionMask = 2147483647;
			files = (
				D3432BAD25E447D600CFC7D2 /* URLImage in Frameworks */,
			);
			runOnlyForDeploymentPostprocessing = 0;
		};
/* End PBXFrameworksBuildPhase section */

/* Begin PBXGroup section */
		D3432B8A25E3F1B700CFC7D2 = {
			isa = PBXGroup;
			children = (
				D3432B9525E3F1B700CFC7D2 /* Manga Collection */,
				D3432B9425E3F1B700CFC7D2 /* Products */,
			);
			sourceTree = "<group>";
		};
		D3432B9425E3F1B700CFC7D2 /* Products */ = {
			isa = PBXGroup;
			children = (
				D3432B9325E3F1B700CFC7D2 /* Manga Collection.app */,
			);
			name = Products;
			sourceTree = "<group>";
		};
		D3432B9525E3F1B700CFC7D2 /* Manga Collection */ = {
			isa = PBXGroup;
			children = (
				D3432BAA25E4475500CFC7D2 /* Utils */,
				D3432BA925E4474500CFC7D2 /* View */,
				D3432BA825E4474000CFC7D2 /* Model */,
				D3432BA725E4473500CFC7D2 /* Data */,
				D3432BA625E4472A00CFC7D2 /* App */,
				D3432B9A25E3F1BE00CFC7D2 /* Assets.xcassets */,
				D3432B9F25E3F1BE00CFC7D2 /* Info.plist */,
				D3432B9C25E3F1BE00CFC7D2 /* Preview Content */,
			);
			path = "Manga Collection";
			sourceTree = "<group>";
		};
		D3432B9C25E3F1BE00CFC7D2 /* Preview Content */ = {
			isa = PBXGroup;
			children = (
				D3432B9D25E3F1BE00CFC7D2 /* Preview Assets.xcassets */,
			);
			path = "Preview Content";
			sourceTree = "<group>";
		};
		D3432BA625E4472A00CFC7D2 /* App */ = {
			isa = PBXGroup;
			children = (
				D3432B9625E3F1B700CFC7D2 /* Manga_CollectionApp.swift */,
				D3432B9825E3F1B700CFC7D2 /* ContentView.swift */,
				D3D1464F25E4E08B009541C9 /* DetailMangaView.swift */,
				D37D6E7D25E7DDBA0087D6DC /* AboutView.swift */,
			);
			path = App;
			sourceTree = "<group>";
		};
		D3432BA725E4473500CFC7D2 /* Data */ = {
			isa = PBXGroup;
			children = (
				D3432BB925E44E9400CFC7D2 /* NetworkManager.swift */,
			);
			path = Data;
			sourceTree = "<group>";
		};
		D3432BA825E4474000CFC7D2 /* Model */ = {
			isa = PBXGroup;
			children = (
				D3432BAF25E4480800CFC7D2 /* MangaModel.swift */,
			);
			path = Model;
			sourceTree = "<group>";
		};
		D3432BA925E4474500CFC7D2 /* View */ = {
			isa = PBXGroup;
			children = (
				D3432BB825E44E3E00CFC7D2 /* About */,
				D3432BB725E44E3A00CFC7D2 /* Detail */,
				D3432BB625E44E3200CFC7D2 /* Dashboard */,
			);
			path = View;
			sourceTree = "<group>";
		};
		D3432BAA25E4475500CFC7D2 /* Utils */ = {
			isa = PBXGroup;
			children = (
				D3432BB325E44C5900CFC7D2 /* Constant.swift */,
				D3D1464C25E4DF8C009541C9 /* Manga.swift */,
			);
			path = Utils;
			sourceTree = "<group>";
		};
		D3432BB625E44E3200CFC7D2 /* Dashboard */ = {
			isa = PBXGroup;
			children = (
				D3432BC225E4503D00CFC7D2 /* HeaderView.swift */,
				D3432BC525E450DF00CFC7D2 /* SectionView.swift */,
				D3432BC825E4772B00CFC7D2 /* MangaRowGridView.swift */,
				D3432BCC25E487F200CFC7D2 /* MangaRowListView.swift */,
			);
			path = Dashboard;
			sourceTree = "<group>";
		};
		D3432BB725E44E3A00CFC7D2 /* Detail */ = {
			isa = PBXGroup;
			children = (
				D37D6E6825E7C6E40087D6DC /* HeaderDetailView.swift */,
				D37D6E6C25E7CE0F0087D6DC /* TopDetailView.swift */,
			);
			path = Detail;
			sourceTree = "<group>";
		};
		D3432BB825E44E3E00CFC7D2 /* About */ = {
			isa = PBXGroup;
			children = (
				D37D6E7325E7DC0C0087D6DC /* PhotoView.swift */,
				D37D6E7625E7DD8B0087D6DC /* TopAboutView.swift */,
				D37D6E8125E7E2D90087D6DC /* AboutRowView.swift */,
				D37D6E8425E7E63F0087D6DC /* HeaderAboutView.swift */,
			);
			path = About;
			sourceTree = "<group>";
		};
/* End PBXGroup section */

/* Begin PBXNativeTarget section */
		D3432B9225E3F1B700CFC7D2 /* Manga Collection */ = {
			isa = PBXNativeTarget;
			buildConfigurationList = D3432BA225E3F1BE00CFC7D2 /* Build configuration list for PBXNativeTarget "Manga Collection" */;
			buildPhases = (
				D3432B8F25E3F1B700CFC7D2 /* Sources */,
				D3432B9025E3F1B700CFC7D2 /* Frameworks */,
				D3432B9125E3F1B700CFC7D2 /* Resources */,
			);
			buildRules = (
			);
			dependencies = (
			);
			name = "Manga Collection";
			packageProductDependencies = (
				D3432BAC25E447D600CFC7D2 /* URLImage */,
			);
			productName = "Manga Collection";
			productReference = D3432B9325E3F1B700CFC7D2 /* Manga Collection.app */;
			productType = "com.apple.product-type.application";
		};
/* End PBXNativeTarget section */

/* Begin PBXProject section */
		D3432B8B25E3F1B700CFC7D2 /* Project object */ = {
			isa = PBXProject;
			attributes = {
				LastSwiftUpdateCheck = 1240;
				LastUpgradeCheck = 1240;
				TargetAttributes = {
					D3432B9225E3F1B700CFC7D2 = {
						CreatedOnToolsVersion = 12.4;
					};
				};
			};
			buildConfigurationList = D3432B8E25E3F1B700CFC7D2 /* Build configuration list for PBXProject "Manga Collection" */;
			compatibilityVersion = "Xcode 9.3";
			developmentRegion = en;
			hasScannedForEncodings = 0;
			knownRegions = (
				en,
				Base,
			);
			mainGroup = D3432B8A25E3F1B700CFC7D2;
			packageReferences = (
				D3432BAB25E447D600CFC7D2 /* XCRemoteSwiftPackageReference "url-image" */,
			);
			productRefGroup = D3432B9425E3F1B700CFC7D2 /* Products */;
			projectDirPath = "";
			projectRoot = "";
			targets = (
				D3432B9225E3F1B700CFC7D2 /* Manga Collection */,
			);
		};
/* End PBXProject section */

/* Begin PBXResourcesBuildPhase section */
		D3432B9125E3F1B700CFC7D2 /* Resources */ = {
			isa = PBXResourcesBuildPhase;
			buildActionMask = 2147483647;
			files = (
				D3432B9E25E3F1BE00CFC7D2 /* Preview Assets.xcassets in Resources */,
				D3432B9B25E3F1BE00CFC7D2 /* Assets.xcassets in Resources */,
			);
			runOnlyForDeploymentPostprocessing = 0;
		};
/* End PBXResourcesBuildPhase section */

/* Begin PBXSourcesBuildPhase section */
		D3432B8F25E3F1B700CFC7D2 /* Sources */ = {
			isa = PBXSourcesBuildPhase;
			buildActionMask = 2147483647;
			files = (
				D37D6E7E25E7DDBA0087D6DC /* AboutView.swift in Sources */,
				D3432BCD25E487F200CFC7D2 /* MangaRowListView.swift in Sources */,
				D3432B9925E3F1B700CFC7D2 /* ContentView.swift in Sources */,
				D3D1464D25E4DF8C009541C9 /* Manga.swift in Sources */,
				D37D6E6D25E7CE0F0087D6DC /* TopDetailView.swift in Sources */,
				D3432BC325E4503D00CFC7D2 /* HeaderView.swift in Sources */,
				D3432B9725E3F1B700CFC7D2 /* Manga_CollectionApp.swift in Sources */,
				D3432BC625E450DF00CFC7D2 /* SectionView.swift in Sources */,
				D3432BBA25E44E9400CFC7D2 /* NetworkManager.swift in Sources */,
				D3432BB025E4480800CFC7D2 /* MangaModel.swift in Sources */,
				D37D6E7725E7DD8B0087D6DC /* TopAboutView.swift in Sources */,
				D37D6E7425E7DC0C0087D6DC /* PhotoView.swift in Sources */,
				D37D6E6925E7C6E40087D6DC /* HeaderDetailView.swift in Sources */,
				D3D1465025E4E08B009541C9 /* DetailMangaView.swift in Sources */,
				D37D6E8225E7E2D90087D6DC /* AboutRowView.swift in Sources */,
				D3432BC925E4772B00CFC7D2 /* MangaRowGridView.swift in Sources */,
				D3432BB425E44C5900CFC7D2 /* Constant.swift in Sources */,
				D37D6E8525E7E63F0087D6DC /* HeaderAboutView.swift in Sources */,
			);
			runOnlyForDeploymentPostprocessing = 0;
		};
/* End PBXSourcesBuildPhase section */

/* Begin XCBuildConfiguration section */
		D3432BA025E3F1BE00CFC7D2 /* Debug */ = {
			isa = XCBuildConfiguration;
			buildSettings = {
				ALWAYS_SEARCH_USER_PATHS = NO;
				CLANG_ANALYZER_NONNULL = YES;
				CLANG_ANALYZER_NUMBER_OBJECT_CONVERSION = YES_AGGRESSIVE;
				CLANG_CXX_LANGUAGE_STANDARD = "gnu++14";
				CLANG_CXX_LIBRARY = "libc++";
				CLANG_ENABLE_MODULES = YES;
				CLANG_ENABLE_OBJC_ARC = YES;
				CLANG_ENABLE_OBJC_WEAK = YES;
				CLANG_WARN_BLOCK_CAPTURE_AUTORELEASING = YES;
				CLANG_WARN_BOOL_CONVERSION = YES;
				CLANG_WARN_COMMA = YES;
				CLANG_WARN_CONSTANT_CONVERSION = YES;
				CLANG_WARN_DEPRECATED_OBJC_IMPLEMENTATIONS = YES;
				CLANG_WARN_DIRECT_OBJC_ISA_USAGE = YES_ERROR;
				CLANG_WARN_DOCUMENTATION_COMMENTS = YES;
				CLANG_WARN_EMPTY_BODY = YES;
				CLANG_WARN_ENUM_CONVERSION = YES;
				CLANG_WARN_INFINITE_RECURSION = YES;
				CLANG_WARN_INT_CONVERSION = YES;
				CLANG_WARN_NON_LITERAL_NULL_CONVERSION = YES;
				CLANG_WARN_OBJC_IMPLICIT_RETAIN_SELF = YES;
				CLANG_WARN_OBJC_LITERAL_CONVERSION = YES;
				CLANG_WARN_OBJC_ROOT_CLASS = YES_ERROR;
				CLANG_WARN_QUOTED_INCLUDE_IN_FRAMEWORK_HEADER = YES;
				CLANG_WARN_RANGE_LOOP_ANALYSIS = YES;
				CLANG_WARN_STRICT_PROTOTYPES = YES;
				CLANG_WARN_SUSPICIOUS_MOVE = YES;
				CLANG_WARN_UNGUARDED_AVAILABILITY = YES_AGGRESSIVE;
				CLANG_WARN_UNREACHABLE_CODE = YES;
				CLANG_WARN__DUPLICATE_METHOD_MATCH = YES;
				COPY_PHASE_STRIP = NO;
				DEBUG_INFORMATION_FORMAT = dwarf;
				ENABLE_STRICT_OBJC_MSGSEND = YES;
				ENABLE_TESTABILITY = YES;
				GCC_C_LANGUAGE_STANDARD = gnu11;
				GCC_DYNAMIC_NO_PIC = NO;
				GCC_NO_COMMON_BLOCKS = YES;
				GCC_OPTIMIZATION_LEVEL = 0;
				GCC_PREPROCESSOR_DEFINITIONS = (
					"DEBUG=1",
					"$(inherited)",
				);
				GCC_WARN_64_TO_32_BIT_CONVERSION = YES;
				GCC_WARN_ABOUT_RETURN_TYPE = YES_ERROR;
				GCC_WARN_UNDECLARED_SELECTOR = YES;
				GCC_WARN_UNINITIALIZED_AUTOS = YES_AGGRESSIVE;
				GCC_WARN_UNUSED_FUNCTION = YES;
				GCC_WARN_UNUSED_VARIABLE = YES;
				IPHONEOS_DEPLOYMENT_TARGET = 14.4;
				MTL_ENABLE_DEBUG_INFO = INCLUDE_SOURCE;
				MTL_FAST_MATH = YES;
				ONLY_ACTIVE_ARCH = YES;
				SDKROOT = iphoneos;
				SWIFT_ACTIVE_COMPILATION_CONDITIONS = DEBUG;
				SWIFT_OPTIMIZATION_LEVEL = "-Onone";
			};
			name = Debug;
		};
		D3432BA125E3F1BE00CFC7D2 /* Release */ = {
			isa = XCBuildConfiguration;
			buildSettings = {
				ALWAYS_SEARCH_USER_PATHS = NO;
				CLANG_ANALYZER_NONNULL = YES;
				CLANG_ANALYZER_NUMBER_OBJECT_CONVERSION = YES_AGGRESSIVE;
				CLANG_CXX_LANGUAGE_STANDARD = "gnu++14";
				CLANG_CXX_LIBRARY = "libc++";
				CLANG_ENABLE_MODULES = YES;
				CLANG_ENABLE_OBJC_ARC = YES;
				CLANG_ENABLE_OBJC_WEAK = YES;
				CLANG_WARN_BLOCK_CAPTURE_AUTORELEASING = YES;
				CLANG_WARN_BOOL_CONVERSION = YES;
				CLANG_WARN_COMMA = YES;
				CLANG_WARN_CONSTANT_CONVERSION = YES;
				CLANG_WARN_DEPRECATED_OBJC_IMPLEMENTATIONS = YES;
				CLANG_WARN_DIRECT_OBJC_ISA_USAGE = YES_ERROR;
				CLANG_WARN_DOCUMENTATION_COMMENTS = YES;
				CLANG_WARN_EMPTY_BODY = YES;
				CLANG_WARN_ENUM_CONVERSION = YES;
				CLANG_WARN_INFINITE_RECURSION = YES;
				CLANG_WARN_INT_CONVERSION = YES;
				CLANG_WARN_NON_LITERAL_NULL_CONVERSION = YES;
				CLANG_WARN_OBJC_IMPLICIT_RETAIN_SELF = YES;
				CLANG_WARN_OBJC_LITERAL_CONVERSION = YES;
				CLANG_WARN_OBJC_ROOT_CLASS = YES_ERROR;
				CLANG_WARN_QUOTED_INCLUDE_IN_FRAMEWORK_HEADER = YES;
				CLANG_WARN_RANGE_LOOP_ANALYSIS = YES;
				CLANG_WARN_STRICT_PROTOTYPES = YES;
				CLANG_WARN_SUSPICIOUS_MOVE = YES;
				CLANG_WARN_UNGUARDED_AVAILABILITY = YES_AGGRESSIVE;
				CLANG_WARN_UNREACHABLE_CODE = YES;
				CLANG_WARN__DUPLICATE_METHOD_MATCH = YES;
				COPY_PHASE_STRIP = NO;
				DEBUG_INFORMATION_FORMAT = "dwarf-with-dsym";
				ENABLE_NS_ASSERTIONS = NO;
				ENABLE_STRICT_OBJC_MSGSEND = YES;
				GCC_C_LANGUAGE_STANDARD = gnu11;
				GCC_NO_COMMON_BLOCKS = YES;
				GCC_WARN_64_TO_32_BIT_CONVERSION = YES;
				GCC_WARN_ABOUT_RETURN_TYPE = YES_ERROR;
				GCC_WARN_UNDECLARED_SELECTOR = YES;
				GCC_WARN_UNINITIALIZED_AUTOS = YES_AGGRESSIVE;
				GCC_WARN_UNUSED_FUNCTION = YES;
				GCC_WARN_UNUSED_VARIABLE = YES;
				IPHONEOS_DEPLOYMENT_TARGET = 14.4;
				MTL_ENABLE_DEBUG_INFO = NO;
				MTL_FAST_MATH = YES;
				SDKROOT = iphoneos;
				SWIFT_COMPILATION_MODE = wholemodule;
				SWIFT_OPTIMIZATION_LEVEL = "-O";
				VALIDATE_PRODUCT = YES;
			};
			name = Release;
		};
		D3432BA325E3F1BE00CFC7D2 /* Debug */ = {
			isa = XCBuildConfiguration;
			buildSettings = {
				ASSETCATALOG_COMPILER_APPICON_NAME = AppIcon;
				ASSETCATALOG_COMPILER_GLOBAL_ACCENT_COLOR_NAME = AccentColor;
				CODE_SIGN_STYLE = Automatic;
				DEVELOPMENT_ASSET_PATHS = "\"Manga Collection/Preview Content\"";
				DEVELOPMENT_TEAM = 85BRVZV7A8;
				ENABLE_PREVIEWS = YES;
				INFOPLIST_FILE = "Manga Collection/Info.plist";
				IPHONEOS_DEPLOYMENT_TARGET = 14.0;
				LD_RUNPATH_SEARCH_PATHS = (
					"$(inherited)",
					"@executable_path/Frameworks",
				);
				PRODUCT_BUNDLE_IDENTIFIER = "com.alvayonara.www.Manga-Collection";
				PRODUCT_NAME = "$(TARGET_NAME)";
				SWIFT_VERSION = 5.0;
				TARGETED_DEVICE_FAMILY = "1,2";
			};
			name = Debug;
		};
		D3432BA425E3F1BE00CFC7D2 /* Release */ = {
			isa = XCBuildConfiguration;
			buildSettings = {
				ASSETCATALOG_COMPILER_APPICON_NAME = AppIcon;
				ASSETCATALOG_COMPILER_GLOBAL_ACCENT_COLOR_NAME = AccentColor;
				CODE_SIGN_STYLE = Automatic;
				DEVELOPMENT_ASSET_PATHS = "\"Manga Collection/Preview Content\"";
				DEVELOPMENT_TEAM = 85BRVZV7A8;
				ENABLE_PREVIEWS = YES;
				INFOPLIST_FILE = "Manga Collection/Info.plist";
				IPHONEOS_DEPLOYMENT_TARGET = 14.0;
				LD_RUNPATH_SEARCH_PATHS = (
					"$(inherited)",
					"@executable_path/Frameworks",
				);
				PRODUCT_BUNDLE_IDENTIFIER = "com.alvayonara.www.Manga-Collection";
				PRODUCT_NAME = "$(TARGET_NAME)";
				SWIFT_VERSION = 5.0;
				TARGETED_DEVICE_FAMILY = "1,2";
			};
			name = Release;
		};
/* End XCBuildConfiguration section */

/* Begin XCConfigurationList section */
		D3432B8E25E3F1B700CFC7D2 /* Build configuration list for PBXProject "Manga Collection" */ = {
			isa = XCConfigurationList;
			buildConfigurations = (
				D3432BA025E3F1BE00CFC7D2 /* Debug */,
				D3432BA125E3F1BE00CFC7D2 /* Release */,
			);
			defaultConfigurationIsVisible = 0;
			defaultConfigurationName = Release;
		};
		D3432BA225E3F1BE00CFC7D2 /* Build configuration list for PBXNativeTarget "Manga Collection" */ = {
			isa = XCConfigurationList;
			buildConfigurations = (
				D3432BA325E3F1BE00CFC7D2 /* Debug */,
				D3432BA425E3F1BE00CFC7D2 /* Release */,
			);
			defaultConfigurationIsVisible = 0;
			defaultConfigurationName = Release;
		};
/* End XCConfigurationList section */

/* Begin XCRemoteSwiftPackageReference section */
		D3432BAB25E447D600CFC7D2 /* XCRemoteSwiftPackageReference "url-image" */ = {
			isa = XCRemoteSwiftPackageReference;
			repositoryURL = "https://github.com/dmytro-anokhin/url-image";
			requirement = {
				kind = upToNextMajorVersion;
				minimumVersion = 2.2.3;
			};
		};
/* End XCRemoteSwiftPackageReference section */

/* Begin XCSwiftPackageProductDependency section */
		D3432BAC25E447D600CFC7D2 /* URLImage */ = {
			isa = XCSwiftPackageProductDependency;
			package = D3432BAB25E447D600CFC7D2 /* XCRemoteSwiftPackageReference "url-image" */;
			productName = URLImage;
		};
/* End XCSwiftPackageProductDependency section */
	};
	rootObject = D3432B8B25E3F1B700CFC7D2 /* Project object */;
}
